
Microsoft Visual Studio Solution File, Format Version 12.00
# Visual Studio Version 17
VisualStudioVersion = 17.0.31903.59
MinimumVisualStudioVersion = 10.0.40219.1
Project("{2150E333-8FDC-42A3-9474-1A3956D46DE8}") = "src", "src", "{827E0CD3-B72D-47B6-A68D-7590B98EB39B}"
EndProject
Project("{FAE04EC0-301F-11D3-BF4B-00C04F79EFBC}") = "KnightShift.Domain", "src\KnightShift.Domain\KnightShift.Domain.csproj", "{8A22121E-B647-4514-A8FA-C135D4E1310F}"
EndProject
Project("{2150E333-8FDC-42A3-9474-1A3956D46DE8}") = "tests", "tests", "{0AB3BF05-4346-4AA6-1389-037BE0695223}"
EndProject
Project("{FAE04EC0-301F-11D3-BF4B-00C04F79EFBC}") = "KnightShift.Domain.Tests", "tests\KnightShift.Domain.Tests\KnightShift.Domain.Tests.csproj", "{2744FFBA-2046-46D8-B405-BA978AD73301}"
EndProject
Project("{FAE04EC0-301F-11D3-BF4B-00C04F79EFBC}") = "KnightShift.Engine", "src\KnightShift.Engine\KnightShift.Engine.csproj", "{CD342A44-42A2-4FE2-93E6-4AA11328BEB8}"
EndProject
Project("{FAE04EC0-301F-11D3-BF4B-00C04F79EFBC}") = "KnightShift.Engine.Tests", "tests\KnightShift.Engine.Tests\KnightShift.Engine.Tests.csproj", "{D3A1C67C-7605-42B7-A000-BB031C020E7F}"
EndProject
Project("{FAE04EC0-301F-11D3-BF4B-00C04F79EFBC}") = "KnightShift.Infrastructure", "src\KnightShift.Infrastructure\KnightShift.Infrastructure.csproj", "{6EDB80D7-710E-4A64-B274-A4B17A415098}"
EndProject
Project("{FAE04EC0-301F-11D3-BF4B-00C04F79EFBC}") = "KnightShift.Infrastructure.Tests", "tests\KnightShift.Infrastructure.Tests\KnightShift.Infrastructure.Tests.csproj", "{D9EB7278-C9E0-4B2D-8C8F-4E8A9685A9C8}"
EndProject
Project("{FAE04EC0-301F-11D3-BF4B-00C04F79EFBC}") = "KnightShift.Application", "src\KnightShift.Application\KnightShift.Application.csproj", "{FEE3E47E-3C2C-4B7D-AF16-CF5C60B4BD73}"
EndProject
Project("{FAE04EC0-301F-11D3-BF4B-00C04F79EFBC}") = "KnightShift.Application.Tests", "tests\KnightShift.Application.Tests\KnightShift.Application.Tests.csproj", "{5236DFEE-BEF0-4B9F-83DB-486AAF1C5640}"
EndProject
Project("{FAE04EC0-301F-11D3-BF4B-00C04F79EFBC}") = "KnightShift.Cli", "src\KnightShift.Cli\KnightShift.Cli.csproj", "{1B46C433-9EAA-4B7F-AFF3-F74B54BC43D3}"
EndProject
Project("{FAE04EC0-301F-11D3-BF4B-00C04F79EFBC}") = "KnightShift.Cli.Tests", "tests\KnightShift.Cli.Tests\KnightShift.Cli.Tests.csproj", "{2808FD4C-F821-4CC0-81DF-E3DE86F92889}"
EndProject
Global
	GlobalSection(SolutionConfigurationPlatforms) = preSolution
		Debug|Any CPU = Debug|Any CPU
		Debug|x64 = Debug|x64
		Debug|x86 = Debug|x86
		Release|Any CPU = Release|Any CPU
		Release|x64 = Release|x64
		Release|x86 = Release|x86
	EndGlobalSection
	GlobalSection(ProjectConfigurationPlatforms) = postSolution
		{8A22121E-B647-4514-A8FA-C135D4E1310F}.Debug|Any CPU.ActiveCfg = Debug|Any CPU
		{8A22121E-B647-4514-A8FA-C135D4E1310F}.Debug|Any CPU.Build.0 = Debug|Any CPU
		{8A22121E-B647-4514-A8FA-C135D4E1310F}.Debug|x64.ActiveCfg = Debug|Any CPU
		{8A22121E-B647-4514-A8FA-C135D4E1310F}.Debug|x64.Build.0 = Debug|Any CPU
		{8A22121E-B647-4514-A8FA-C135D4E1310F}.Debug|x86.ActiveCfg = Debug|Any CPU
		{8A22121E-B647-4514-A8FA-C135D4E1310F}.Debug|x86.Build.0 = Debug|Any CPU
		{8A22121E-B647-4514-A8FA-C135D4E1310F}.Release|Any CPU.ActiveCfg = Release|Any CPU
		{8A22121E-B647-4514-A8FA-C135D4E1310F}.Release|Any CPU.Build.0 = Release|Any CPU
		{8A22121E-B647-4514-A8FA-C135D4E1310F}.Release|x64.ActiveCfg = Release|Any CPU
		{8A22121E-B647-4514-A8FA-C135D4E1310F}.Release|x64.Build.0 = Release|Any CPU
		{8A22121E-B647-4514-A8FA-C135D4E1310F}.Release|x86.ActiveCfg = Release|Any CPU
		{8A22121E-B647-4514-A8FA-C135D4E1310F}.Release|x86.Build.0 = Release|Any CPU
		{2744FFBA-2046-46D8-B405-BA978AD73301}.Debug|Any CPU.ActiveCfg = Debug|Any CPU
		{2744FFBA-2046-46D8-B405-BA978AD73301}.Debug|Any CPU.Build.0 = Debug|Any CPU
		{2744FFBA-2046-46D8-B405-BA978AD73301}.Debug|x64.ActiveCfg = Debug|Any CPU
		{2744FFBA-2046-46D8-B405-BA978AD73301}.Debug|x64.Build.0 = Debug|Any CPU
		{2744FFBA-2046-46D8-B405-BA978AD73301}.Debug|x86.ActiveCfg = Debug|Any CPU
		{2744FFBA-2046-46D8-B405-BA978AD73301}.Debug|x86.Build.0 = Debug|Any CPU
		{2744FFBA-2046-46D8-B405-BA978AD73301}.Release|Any CPU.ActiveCfg = Release|Any CPU
		{2744FFBA-2046-46D8-B405-BA978AD73301}.Release|Any CPU.Build.0 = Release|Any CPU
		{2744FFBA-2046-46D8-B405-BA978AD73301}.Release|x64.ActiveCfg = Release|Any CPU
		{2744FFBA-2046-46D8-B405-BA978AD73301}.Release|x64.Build.0 = Release|Any CPU
		{2744FFBA-2046-46D8-B405-BA978AD73301}.Release|x86.ActiveCfg = Release|Any CPU
		{2744FFBA-2046-46D8-B405-BA978AD73301}.Release|x86.Build.0 = Release|Any CPU
		{CD342A44-42A2-4FE2-93E6-4AA11328BEB8}.Debug|Any CPU.ActiveCfg = Debug|Any CPU
		{CD342A44-42A2-4FE2-93E6-4AA11328BEB8}.Debug|Any CPU.Build.0 = Debug|Any CPU
		{CD342A44-42A2-4FE2-93E6-4AA11328BEB8}.Debug|x64.ActiveCfg = Debug|Any CPU
		{CD342A44-42A2-4FE2-93E6-4AA11328BEB8}.Debug|x64.Build.0 = Debug|Any CPU
		{CD342A44-42A2-4FE2-93E6-4AA11328BEB8}.Debug|x86.ActiveCfg = Debug|Any CPU
		{CD342A44-42A2-4FE2-93E6-4AA11328BEB8}.Debug|x86.Build.0 = Debug|Any CPU
		{CD342A44-42A2-4FE2-93E6-4AA11328BEB8}.Release|Any CPU.ActiveCfg = Release|Any CPU
		{CD342A44-42A2-4FE2-93E6-4AA11328BEB8}.Release|Any CPU.Build.0 = Release|Any CPU
		{CD342A44-42A2-4FE2-93E6-4AA11328BEB8}.Release|x64.ActiveCfg = Release|Any CPU
		{CD342A44-42A2-4FE2-93E6-4AA11328BEB8}.Release|x64.Build.0 = Release|Any CPU
		{CD342A44-42A2-4FE2-93E6-4AA11328BEB8}.Release|x86.ActiveCfg = Release|Any CPU
		{CD342A44-42A2-4FE2-93E6-4AA11328BEB8}.Release|x86.Build.0 = Release|Any CPU
		{D3A1C67C-7605-42B7-A000-BB031C020E7F}.Debug|Any CPU.ActiveCfg = Debug|Any CPU
		{D3A1C67C-7605-42B7-A000-BB031C020E7F}.Debug|Any CPU.Build.0 = Debug|Any CPU
		{D3A1C67C-7605-42B7-A000-BB031C020E7F}.Debug|x64.ActiveCfg = Debug|Any CPU
		{D3A1C67C-7605-42B7-A000-BB031C020E7F}.Debug|x64.Build.0 = Debug|Any CPU
		{D3A1C67C-7605-42B7-A000-BB031C020E7F}.Debug|x86.ActiveCfg = Debug|Any CPU
		{D3A1C67C-7605-42B7-A000-BB031C020E7F}.Debug|x86.Build.0 = Debug|Any CPU
		{D3A1C67C-7605-42B7-A000-BB031C020E7F}.Release|Any CPU.ActiveCfg = Release|Any CPU
		{D3A1C67C-7605-42B7-A000-BB031C020E7F}.Release|Any CPU.Build.0 = Release|Any CPU
		{D3A1C67C-7605-42B7-A000-BB031C020E7F}.Release|x64.ActiveCfg = Release|Any CPU
		{D3A1C67C-7605-42B7-A000-BB031C020E7F}.Release|x64.Build.0 = Release|Any CPU
		{D3A1C67C-7605-42B7-A000-BB031C020E7F}.Release|x86.ActiveCfg = Release|Any CPU
		{D3A1C67C-7605-42B7-A000-BB031C020E7F}.Release|x86.Build.0 = Release|Any CPU
		{6EDB80D7-710E-4A64-B274-A4B17A415098}.Debug|Any CPU.ActiveCfg = Debug|Any CPU
		{6EDB80D7-710E-4A64-B274-A4B17A415098}.Debug|Any CPU.Build.0 = Debug|Any CPU
		{6EDB80D7-710E-4A64-B274-A4B17A415098}.Debug|x64.ActiveCfg = Debug|Any CPU
		{6EDB80D7-710E-4A64-B274-A4B17A415098}.Debug|x64.Build.0 = Debug|Any CPU
		{6EDB80D7-710E-4A64-B274-A4B17A415098}.Debug|x86.ActiveCfg = Debug|Any CPU
		{6EDB80D7-710E-4A64-B274-A4B17A415098}.Debug|x86.Build.0 = Debug|Any CPU
		{6EDB80D7-710E-4A64-B274-A4B17A415098}.Release|Any CPU.ActiveCfg = Release|Any CPU
		{6EDB80D7-710E-4A64-B274-A4B17A415098}.Release|Any CPU.Build.0 = Release|Any CPU
		{6EDB80D7-710E-4A64-B274-A4B17A415098}.Release|x64.ActiveCfg = Release|Any CPU
		{6EDB80D7-710E-4A64-B274-A4B17A415098}.Release|x64.Build.0 = Release|Any CPU
		{6EDB80D7-710E-4A64-B274-A4B17A415098}.Release|x86.ActiveCfg = Release|Any CPU
		{6EDB80D7-710E-4A64-B274-A4B17A415098}.Release|x86.Build.0 = Release|Any CPU
		{D9EB7278-C9E0-4B2D-8C8F-4E8A9685A9C8}.Debug|Any CPU.ActiveCfg = Debug|Any CPU
		{D9EB7278-C9E0-4B2D-8C8F-4E8A9685A9C8}.Debug|Any CPU.Build.0 = Debug|Any CPU
		{D9EB7278-C9E0-4B2D-8C8F-4E8A9685A9C8}.Debug|x64.ActiveCfg = Debug|Any CPU
		{D9EB7278-C9E0-4B2D-8C8F-4E8A9685A9C8}.Debug|x64.Build.0 = Debug|Any CPU
		{D9EB7278-C9E0-4B2D-8C8F-4E8A9685A9C8}.Debug|x86.ActiveCfg = Debug|Any CPU
		{D9EB7278-C9E0-4B2D-8C8F-4E8A9685A9C8}.Debug|x86.Build.0 = Debug|Any CPU
		{D9EB7278-C9E0-4B2D-8C8F-4E8A9685A9C8}.Release|Any CPU.ActiveCfg = Release|Any CPU
		{D9EB7278-C9E0-4B2D-8C8F-4E8A9685A9C8}.Release|Any CPU.Build.0 = Release|Any CPU
		{D9EB7278-C9E0-4B2D-8C8F-4E8A9685A9C8}.Release|x64.ActiveCfg = Release|Any CPU
		{D9EB7278-C9E0-4B2D-8C8F-4E8A9685A9C8}.Release|x64.Build.0 = Release|Any CPU
		{D9EB7278-C9E0-4B2D-8C8F-4E8A9685A9C8}.Release|x86.ActiveCfg = Release|Any CPU
		{D9EB7278-C9E0-4B2D-8C8F-4E8A9685A9C8}.Release|x86.Build.0 = Release|Any CPU
		{FEE3E47E-3C2C-4B7D-AF16-CF5C60B4BD73}.Debug|Any CPU.ActiveCfg = Debug|Any CPU
		{FEE3E47E-3C2C-4B7D-AF16-CF5C60B4BD73}.Debug|Any CPU.Build.0 = Debug|Any CPU
		{FEE3E47E-3C2C-4B7D-AF16-CF5C60B4BD73}.Debug|x64.ActiveCfg = Debug|Any CPU
		{FEE3E47E-3C2C-4B7D-AF16-CF5C60B4BD73}.Debug|x64.Build.0 = Debug|Any CPU
		{FEE3E47E-3C2C-4B7D-AF16-CF5C60B4BD73}.Debug|x86.ActiveCfg = Debug|Any CPU
		{FEE3E47E-3C2C-4B7D-AF16-CF5C60B4BD73}.Debug|x86.Build.0 = Debug|Any CPU
		{FEE3E47E-3C2C-4B7D-AF16-CF5C60B4BD73}.Release|Any CPU.ActiveCfg = Release|Any CPU
		{FEE3E47E-3C2C-4B7D-AF16-CF5C60B4BD73}.Release|Any CPU.Build.0 = Release|Any CPU
		{FEE3E47E-3C2C-4B7D-AF16-CF5C60B4BD73}.Release|x64.ActiveCfg = Release|Any CPU
		{FEE3E47E-3C2C-4B7D-AF16-CF5C60B4BD73}.Release|x64.Build.0 = Release|Any CPU
		{FEE3E47E-3C2C-4B7D-AF16-CF5C60B4BD73}.Release|x86.ActiveCfg = Release|Any CPU
		{FEE3E47E-3C2C-4B7D-AF16-CF5C60B4BD73}.Release|x86.Build.0 = Release|Any CPU
		{5236DFEE-BEF0-4B9F-83DB-486AAF1C5640}.Debug|Any CPU.ActiveCfg = Debug|Any CPU
		{5236DFEE-BEF0-4B9F-83DB-486AAF1C5640}.Debug|Any CPU.Build.0 = Debug|Any CPU
		{5236DFEE-BEF0-4B9F-83DB-486AAF1C5640}.Debug|x64.ActiveCfg = Debug|Any CPU
		{5236DFEE-BEF0-4B9F-83DB-486AAF1C5640}.Debug|x64.Build.0 = Debug|Any CPU
		{5236DFEE-BEF0-4B9F-83DB-486AAF1C5640}.Debug|x86.ActiveCfg = Debug|Any CPU
		{5236DFEE-BEF0-4B9F-83DB-486AAF1C5640}.Debug|x86.Build.0 = Debug|Any CPU
		{5236DFEE-BEF0-4B9F-83DB-486AAF1C5640}.Release|Any CPU.ActiveCfg = Release|Any CPU
		{5236DFEE-BEF0-4B9F-83DB-486AAF1C5640}.Release|Any CPU.Build.0 = Release|Any CPU
		{5236DFEE-BEF0-4B9F-83DB-486AAF1C5640}.Release|x64.ActiveCfg = Release|Any CPU
		{5236DFEE-BEF0-4B9F-83DB-486AAF1C5640}.Release|x64.Build.0 = Release|Any CPU
		{5236DFEE-BEF0-4B9F-83DB-486AAF1C5640}.Release|x86.ActiveCfg = Release|Any CPU
		{5236DFEE-BEF0-4B9F-83DB-486AAF1C5640}.Release|x86.Build.0 = Release|Any CPU
		{1B46C433-9EAA-4B7F-AFF3-F74B54BC43D3}.Debug|Any CPU.ActiveCfg = Debug|Any CPU
		{1B46C433-9EAA-4B7F-AFF3-F74B54BC43D3}.Debug|Any CPU.Build.0 = Debug|Any CPU
		{1B46C433-9EAA-4B7F-AFF3-F74B54BC43D3}.Debug|x64.ActiveCfg = Debug|Any CPU
		{1B46C433-9EAA-4B7F-AFF3-F74B54BC43D3}.Debug|x64.Build.0 = Debug|Any CPU
		{1B46C433-9EAA-4B7F-AFF3-F74B54BC43D3}.Debug|x86.ActiveCfg = Debug|Any CPU
		{1B46C433-9EAA-4B7F-AFF3-F74B54BC43D3}.Debug|x86.Build.0 = Debug|Any CPU
		{1B46C433-9EAA-4B7F-AFF3-F74B54BC43D3}.Release|Any CPU.ActiveCfg = Release|Any CPU
		{1B46C433-9EAA-4B7F-AFF3-F74B54BC43D3}.Release|Any CPU.Build.0 = Release|Any CPU
		{1B46C433-9EAA-4B7F-AFF3-F74B54BC43D3}.Release|x64.ActiveCfg = Release|Any CPU
		{1B46C433-9EAA-4B7F-AFF3-F74B54BC43D3}.Release|x64.Build.0 = Release|Any CPU
		{1B46C433-9EAA-4B7F-AFF3-F74B54BC43D3}.Release|x86.ActiveCfg = Release|Any CPU
		{1B46C433-9EAA-4B7F-AFF3-F74B54BC43D3}.Release|x86.Build.0 = Release|Any CPU
		{2808FD4C-F821-4CC0-81DF-E3DE86F92889}.Debug|Any CPU.ActiveCfg = Debug|Any CPU
		{2808FD4C-F821-4CC0-81DF-E3DE86F92889}.Debug|Any CPU.Build.0 = Debug|Any CPU
		{2808FD4C-F821-4CC0-81DF-E3DE86F92889}.Debug|x64.ActiveCfg = Debug|Any CPU
		{2808FD4C-F821-4CC0-81DF-E3DE86F92889}.Debug|x64.Build.0 = Debug|Any CPU
		{2808FD4C-F821-4CC0-81DF-E3DE86F92889}.Debug|x86.ActiveCfg = Debug|Any CPU
		{2808FD4C-F821-4CC0-81DF-E3DE86F92889}.Debug|x86.Build.0 = Debug|Any CPU
		{2808FD4C-F821-4CC0-81DF-E3DE86F92889}.Release|Any CPU.ActiveCfg = Release|Any CPU
		{2808FD4C-F821-4CC0-81DF-E3DE86F92889}.Release|Any CPU.Build.0 = Release|Any CPU
		{2808FD4C-F821-4CC0-81DF-E3DE86F92889}.Release|x64.ActiveCfg = Release|Any CPU
		{2808FD4C-F821-4CC0-81DF-E3DE86F92889}.Release|x64.Build.0 = Release|Any CPU
		{2808FD4C-F821-4CC0-81DF-E3DE86F92889}.Release|x86.ActiveCfg = Release|Any CPU
		{2808FD4C-F821-4CC0-81DF-E3DE86F92889}.Release|x86.Build.0 = Release|Any CPU
	EndGlobalSection
	GlobalSection(SolutionProperties) = preSolution
		HideSolutionNode = FALSE
	EndGlobalSection
	GlobalSection(NestedProjects) = preSolution
		{8A22121E-B647-4514-A8FA-C135D4E1310F} = {827E0CD3-B72D-47B6-A68D-7590B98EB39B}
		{2744FFBA-2046-46D8-B405-BA978AD73301} = {0AB3BF05-4346-4AA6-1389-037BE0695223}
		{CD342A44-42A2-4FE2-93E6-4AA11328BEB8} = {827E0CD3-B72D-47B6-A68D-7590B98EB39B}
		{D3A1C67C-7605-42B7-A000-BB031C020E7F} = {0AB3BF05-4346-4AA6-1389-037BE0695223}
		{6EDB80D7-710E-4A64-B274-A4B17A415098} = {827E0CD3-B72D-47B6-A68D-7590B98EB39B}
		{D9EB7278-C9E0-4B2D-8C8F-4E8A9685A9C8} = {0AB3BF05-4346-4AA6-1389-037BE0695223}
		{FEE3E47E-3C2C-4B7D-AF16-CF5C60B4BD73} = {827E0CD3-B72D-47B6-A68D-7590B98EB39B}
		{5236DFEE-BEF0-4B9F-83DB-486AAF1C5640} = {0AB3BF05-4346-4AA6-1389-037BE0695223}
		{1B46C433-9EAA-4B7F-AFF3-F74B54BC43D3} = {827E0CD3-B72D-47B6-A68D-7590B98EB39B}
		{2808FD4C-F821-4CC0-81DF-E3DE86F92889} = {0AB3BF05-4346-4AA6-1389-037BE0695223}
	EndGlobalSection
EndGlobal
